
Microsoft Visual Studio Solution File, Format Version 12.00
# Visual Studio Version 17
VisualStudioVersion = 17.6.33815.320
MinimumVisualStudioVersion = 10.0.40219.1
Project("{FAE04EC0-301F-11D3-BF4B-00C04F79EFBC}") = "UseCase14", "UseCase14\UseCase14.csproj", "{651E1588-E37E-49E7-BD36-0DFF95181E0A}"
EndProject
Global
	GlobalSection(SolutionConfigurationPlatforms) = preSolution
		Debug|Any CPU = Debug|Any CPU
		Release|Any CPU = Release|Any CPU
	EndGlobalSection
	GlobalSection(ProjectConfigurationPlatforms) = postSolution
		{651E1588-E37E-49E7-BD36-0DFF95181E0A}.Debug|Any CPU.ActiveCfg = Debug|Any CPU
		{651E1588-E37E-49E7-BD36-0DFF95181E0A}.Debug|Any CPU.Build.0 = Debug|Any CPU
		{651E1588-E37E-49E7-BD36-0DFF95181E0A}.Release|Any CPU.ActiveCfg = Release|Any CPU
		{651E1588-E37E-49E7-BD36-0DFF95181E0A}.Release|Any CPU.Build.0 = Release|Any CPU
	EndGlobalSection
	GlobalSection(SolutionProperties) = preSolution
		HideSolutionNode = FALSE
	EndGlobalSection
	GlobalSection(ExtensibilityGlobals) = postSolution
		SolutionGuid = {0F588C6E-097D-4DD5-AE8D-463EFC07AB3C}
	EndGlobalSection
EndGlobal
